
Microsoft Visual Studio Solution File, Format Version 12.00
# Visual Studio 2013
VisualStudioVersion = 12.0.21005.1
MinimumVisualStudioVersion = 10.0.40219.1
Project("{FAE04EC0-301F-11D3-BF4B-00C04F79EFBC}") = "System.IO.Packaging", "System.IO.Packaging\System.IO.Packaging.csproj", "{4C88A3AD-1241-4A04-854B-8372DF29828D}"
EndProject
Project("{FAE04EC0-301F-11D3-BF4B-00C04F79EFBC}") = "System.IO.Packaging.Tests", "System.IO.Packaging.Tests\System.IO.Packaging.Tests.csproj", "{78E2D77F-FCA9-4809-BB75-0AC76DF9B95D}"
EndProject
Project("{2150E333-8FDC-42A3-9474-1A3956D46DE8}") = ".nuget", ".nuget", "{E43CE613-45B8-4FFC-AE29-3876ABD68244}"
	ProjectSection(SolutionItems) = preProject
		.nuget\packages.config = .nuget\packages.config
	EndProjectSection
EndProject
Project("{FAE04EC0-301F-11D3-BF4B-00C04F79EFBC}") = "TestUtil", "TestUtil\TestUtil.csproj", "{B63E969B-F7EC-4B6C-8540-67FC0C0C3E56}"
EndProject
Global
	GlobalSection(SolutionConfigurationPlatforms) = preSolution
		Debug|Any CPU = Debug|Any CPU
		Release|Any CPU = Release|Any CPU
	EndGlobalSection
	GlobalSection(ProjectConfigurationPlatforms) = postSolution
		{4C88A3AD-1241-4A04-854B-8372DF29828D}.Debug|Any CPU.ActiveCfg = Debug|Any CPU
		{4C88A3AD-1241-4A04-854B-8372DF29828D}.Debug|Any CPU.Build.0 = Debug|Any CPU
		{4C88A3AD-1241-4A04-854B-8372DF29828D}.Release|Any CPU.ActiveCfg = Release|Any CPU
		{4C88A3AD-1241-4A04-854B-8372DF29828D}.Release|Any CPU.Build.0 = Release|Any CPU
		{78E2D77F-FCA9-4809-BB75-0AC76DF9B95D}.Debug|Any CPU.ActiveCfg = Debug|Any CPU
		{78E2D77F-FCA9-4809-BB75-0AC76DF9B95D}.Debug|Any CPU.Build.0 = Debug|Any CPU
		{78E2D77F-FCA9-4809-BB75-0AC76DF9B95D}.Release|Any CPU.ActiveCfg = Release|Any CPU
		{78E2D77F-FCA9-4809-BB75-0AC76DF9B95D}.Release|Any CPU.Build.0 = Release|Any CPU
		{B63E969B-F7EC-4B6C-8540-67FC0C0C3E56}.Debug|Any CPU.ActiveCfg = Debug|Any CPU
		{B63E969B-F7EC-4B6C-8540-67FC0C0C3E56}.Debug|Any CPU.Build.0 = Debug|Any CPU
		{B63E969B-F7EC-4B6C-8540-67FC0C0C3E56}.Release|Any CPU.ActiveCfg = Release|Any CPU
		{B63E969B-F7EC-4B6C-8540-67FC0C0C3E56}.Release|Any CPU.Build.0 = Release|Any CPU
	EndGlobalSection
	GlobalSection(SolutionProperties) = preSolution
		HideSolutionNode = FALSE
	EndGlobalSection
EndGlobal
